
Microsoft Visual Studio Solution File, Format Version 12.00
# Visual Studio Version 17
VisualStudioVersion = 17.9.34607.119
MinimumVisualStudioVersion = 10.0.40219.1
Project("{9A19103F-16F7-4668-BE54-9A1E7A4F7556}") = "CarRentalPlatform", "CarRentalPlatform\CarRentalPlatform.csproj", "{B062157D-D402-4A9F-BD00-3966D2FEDE08}"
EndProject
Project("{9A19103F-16F7-4668-BE54-9A1E7A4F7556}") = "BusinessObject", "BusinessObject\BusinessObject.csproj", "{CF52EF8C-9B28-4F18-B41F-59161CCDA75A}"
EndProject
Project("{9A19103F-16F7-4668-BE54-9A1E7A4F7556}") = "DataAccess", "DataAccess\DataAccess.csproj", "{B64141DF-747A-47AE-BF75-D19279A2F1AE}"
EndProject
Project("{9A19103F-16F7-4668-BE54-9A1E7A4F7556}") = "DataTransferLayer", "DataTransferLayer\DataTransferLayer.csproj", "{6E59308A-D994-4DA5-B498-D9285D6277EA}"
EndProject
Project("{FAE04EC0-301F-11D3-BF4B-00C04F79EFBC}") = "Repository", "Repository\Repository.csproj", "{BFCA1FAB-05FD-4F23-A223-D30D1E639ECB}"
EndProject
Project("{FAE04EC0-301F-11D3-BF4B-00C04F79EFBC}") = "PaymentWebhook", "PaymentWebhook\PaymentWebhook.csproj", "{C3C61EAB-F626-43D3-AF92-8E86BF2127ED}"
EndProject
Global
	GlobalSection(SolutionConfigurationPlatforms) = preSolution
		Debug|Any CPU = Debug|Any CPU
		Release|Any CPU = Release|Any CPU
	EndGlobalSection
	GlobalSection(ProjectConfigurationPlatforms) = postSolution
		{B062157D-D402-4A9F-BD00-3966D2FEDE08}.Debug|Any CPU.ActiveCfg = Debug|Any CPU
		{B062157D-D402-4A9F-BD00-3966D2FEDE08}.Debug|Any CPU.Build.0 = Debug|Any CPU
		{B062157D-D402-4A9F-BD00-3966D2FEDE08}.Release|Any CPU.ActiveCfg = Release|Any CPU
		{B062157D-D402-4A9F-BD00-3966D2FEDE08}.Release|Any CPU.Build.0 = Release|Any CPU
		{CF52EF8C-9B28-4F18-B41F-59161CCDA75A}.Debug|Any CPU.ActiveCfg = Debug|Any CPU
		{CF52EF8C-9B28-4F18-B41F-59161CCDA75A}.Debug|Any CPU.Build.0 = Debug|Any CPU
		{CF52EF8C-9B28-4F18-B41F-59161CCDA75A}.Release|Any CPU.ActiveCfg = Release|Any CPU
		{CF52EF8C-9B28-4F18-B41F-59161CCDA75A}.Release|Any CPU.Build.0 = Release|Any CPU
		{B64141DF-747A-47AE-BF75-D19279A2F1AE}.Debug|Any CPU.ActiveCfg = Debug|Any CPU
		{B64141DF-747A-47AE-BF75-D19279A2F1AE}.Debug|Any CPU.Build.0 = Debug|Any CPU
		{B64141DF-747A-47AE-BF75-D19279A2F1AE}.Release|Any CPU.ActiveCfg = Release|Any CPU
		{B64141DF-747A-47AE-BF75-D19279A2F1AE}.Release|Any CPU.Build.0 = Release|Any CPU
		{6E59308A-D994-4DA5-B498-D9285D6277EA}.Debug|Any CPU.ActiveCfg = Debug|Any CPU
		{6E59308A-D994-4DA5-B498-D9285D6277EA}.Debug|Any CPU.Build.0 = Debug|Any CPU
		{6E59308A-D994-4DA5-B498-D9285D6277EA}.Release|Any CPU.ActiveCfg = Release|Any CPU
		{6E59308A-D994-4DA5-B498-D9285D6277EA}.Release|Any CPU.Build.0 = Release|Any CPU
		{BFCA1FAB-05FD-4F23-A223-D30D1E639ECB}.Debug|Any CPU.ActiveCfg = Debug|Any CPU
		{BFCA1FAB-05FD-4F23-A223-D30D1E639ECB}.Debug|Any CPU.Build.0 = Debug|Any CPU
		{BFCA1FAB-05FD-4F23-A223-D30D1E639ECB}.Release|Any CPU.ActiveCfg = Release|Any CPU
		{BFCA1FAB-05FD-4F23-A223-D30D1E639ECB}.Release|Any CPU.Build.0 = Release|Any CPU
		{C3C61EAB-F626-43D3-AF92-8E86BF2127ED}.Debug|Any CPU.ActiveCfg = Debug|Any CPU
		{C3C61EAB-F626-43D3-AF92-8E86BF2127ED}.Debug|Any CPU.Build.0 = Debug|Any CPU
		{C3C61EAB-F626-43D3-AF92-8E86BF2127ED}.Release|Any CPU.ActiveCfg = Release|Any CPU
		{C3C61EAB-F626-43D3-AF92-8E86BF2127ED}.Release|Any CPU.Build.0 = Release|Any CPU
	EndGlobalSection
	GlobalSection(SolutionProperties) = preSolution
		HideSolutionNode = FALSE
	EndGlobalSection
	GlobalSection(ExtensibilityGlobals) = postSolution
		SolutionGuid = {DA769691-9F5B-4671-8445-06B876F75073}
	EndGlobalSection
EndGlobal
